
Microsoft Visual Studio Solution File, Format Version 12.00
# Visual Studio 15
VisualStudioVersion = 15.0.26124.0
MinimumVisualStudioVersion = 15.0.26124.0
Project("{FAE04EC0-301F-11D3-BF4B-00C04F79EFBC}") = "Master", "Master\Master.csproj", "{D61E75D3-9EBA-4267-9BE7-BA9BB2C1E14D}"
EndProject
Project("{FAE04EC0-301F-11D3-BF4B-00C04F79EFBC}") = "Models", "Models\Models.csproj", "{C1037A9F-91A6-46BB-9451-8447177CF238}"
EndProject
Project("{FAE04EC0-301F-11D3-BF4B-00C04F79EFBC}") = "Worker", "Worker\Worker.csproj", "{2C92DD4F-3662-4D21-B98A-288471DCC4C6}"
EndProject
Global
	GlobalSection(SolutionConfigurationPlatforms) = preSolution
		Debug|Any CPU = Debug|Any CPU
		Debug|x64 = Debug|x64
		Debug|x86 = Debug|x86
		Release|Any CPU = Release|Any CPU
		Release|x64 = Release|x64
		Release|x86 = Release|x86
	EndGlobalSection
	GlobalSection(SolutionProperties) = preSolution
		HideSolutionNode = FALSE
	EndGlobalSection
	GlobalSection(ProjectConfigurationPlatforms) = postSolution
		{D61E75D3-9EBA-4267-9BE7-BA9BB2C1E14D}.Debug|Any CPU.ActiveCfg = Debug|Any CPU
		{D61E75D3-9EBA-4267-9BE7-BA9BB2C1E14D}.Debug|Any CPU.Build.0 = Debug|Any CPU
		{D61E75D3-9EBA-4267-9BE7-BA9BB2C1E14D}.Debug|x64.ActiveCfg = Debug|Any CPU
		{D61E75D3-9EBA-4267-9BE7-BA9BB2C1E14D}.Debug|x64.Build.0 = Debug|Any CPU
		{D61E75D3-9EBA-4267-9BE7-BA9BB2C1E14D}.Debug|x86.ActiveCfg = Debug|Any CPU
		{D61E75D3-9EBA-4267-9BE7-BA9BB2C1E14D}.Debug|x86.Build.0 = Debug|Any CPU
		{D61E75D3-9EBA-4267-9BE7-BA9BB2C1E14D}.Release|Any CPU.ActiveCfg = Release|Any CPU
		{D61E75D3-9EBA-4267-9BE7-BA9BB2C1E14D}.Release|Any CPU.Build.0 = Release|Any CPU
		{D61E75D3-9EBA-4267-9BE7-BA9BB2C1E14D}.Release|x64.ActiveCfg = Release|Any CPU
		{D61E75D3-9EBA-4267-9BE7-BA9BB2C1E14D}.Release|x64.Build.0 = Release|Any CPU
		{D61E75D3-9EBA-4267-9BE7-BA9BB2C1E14D}.Release|x86.ActiveCfg = Release|Any CPU
		{D61E75D3-9EBA-4267-9BE7-BA9BB2C1E14D}.Release|x86.Build.0 = Release|Any CPU
		{C1037A9F-91A6-46BB-9451-8447177CF238}.Debug|Any CPU.ActiveCfg = Debug|Any CPU
		{C1037A9F-91A6-46BB-9451-8447177CF238}.Debug|Any CPU.Build.0 = Debug|Any CPU
		{C1037A9F-91A6-46BB-9451-8447177CF238}.Debug|x64.ActiveCfg = Debug|Any CPU
		{C1037A9F-91A6-46BB-9451-8447177CF238}.Debug|x64.Build.0 = Debug|Any CPU
		{C1037A9F-91A6-46BB-9451-8447177CF238}.Debug|x86.ActiveCfg = Debug|Any CPU
		{C1037A9F-91A6-46BB-9451-8447177CF238}.Debug|x86.Build.0 = Debug|Any CPU
		{C1037A9F-91A6-46BB-9451-8447177CF238}.Release|Any CPU.ActiveCfg = Release|Any CPU
		{C1037A9F-91A6-46BB-9451-8447177CF238}.Release|Any CPU.Build.0 = Release|Any CPU
		{C1037A9F-91A6-46BB-9451-8447177CF238}.Release|x64.ActiveCfg = Release|Any CPU
		{C1037A9F-91A6-46BB-9451-8447177CF238}.Release|x64.Build.0 = Release|Any CPU
		{C1037A9F-91A6-46BB-9451-8447177CF238}.Release|x86.ActiveCfg = Release|Any CPU
		{C1037A9F-91A6-46BB-9451-8447177CF238}.Release|x86.Build.0 = Release|Any CPU
		{2C92DD4F-3662-4D21-B98A-288471DCC4C6}.Debug|Any CPU.ActiveCfg = Debug|Any CPU
		{2C92DD4F-3662-4D21-B98A-288471DCC4C6}.Debug|Any CPU.Build.0 = Debug|Any CPU
		{2C92DD4F-3662-4D21-B98A-288471DCC4C6}.Debug|x64.ActiveCfg = Debug|Any CPU
		{2C92DD4F-3662-4D21-B98A-288471DCC4C6}.Debug|x64.Build.0 = Debug|Any CPU
		{2C92DD4F-3662-4D21-B98A-288471DCC4C6}.Debug|x86.ActiveCfg = Debug|Any CPU
		{2C92DD4F-3662-4D21-B98A-288471DCC4C6}.Debug|x86.Build.0 = Debug|Any CPU
		{2C92DD4F-3662-4D21-B98A-288471DCC4C6}.Release|Any CPU.ActiveCfg = Release|Any CPU
		{2C92DD4F-3662-4D21-B98A-288471DCC4C6}.Release|Any CPU.Build.0 = Release|Any CPU
		{2C92DD4F-3662-4D21-B98A-288471DCC4C6}.Release|x64.ActiveCfg = Release|Any CPU
		{2C92DD4F-3662-4D21-B98A-288471DCC4C6}.Release|x64.Build.0 = Release|Any CPU
		{2C92DD4F-3662-4D21-B98A-288471DCC4C6}.Release|x86.ActiveCfg = Release|Any CPU
		{2C92DD4F-3662-4D21-B98A-288471DCC4C6}.Release|x86.Build.0 = Release|Any CPU
	EndGlobalSection
EndGlobal
